# @generated by Move, please check-in and do not edit manually.

[move]
version = 3
manifest_digest = "8488596AC6CE0DB2890ECFD068982547E0E2B6F2281E920FDEC779FEA27223AE"
deps_digest = "F8BBB0CCB2491CA29A3DF03D6F92277A4F3574266507ACD77214D37ECA3F3082"

dependencies = [
  { id = "Sui", name = "Sui" },
]

[[move.package]]
id = "MoveStdlib"
source = { git = "https://github.com/MystenLabs/sui.git", rev = "framework/testnet", subdir = "crates/sui-framework/packages/move-stdlib" }

[[move.package]]
id = "Sui"
source = { git = "https://github.com/MystenLabs/sui.git", rev = "framework/testnet", subdir = "crates/sui-framework/packages/sui-framework" }

dependencies = [
  { id = "MoveStdlib", name = "MoveStdlib" },
]

[move.toolchain-version]
compiler-version = "1.45.2"
edition = "2024"
flavor = "sui"

[env]

[env.devnet]
chain-id = "4829d9bc"
original-published-id = "0x38df011cc9734a23e89b5a94e60e7ba6bd17d37a6d40acb231acfda68c4fc364"
latest-published-id = "0x38df011cc9734a23e89b5a94e60e7ba6bd17d37a6d40acb231acfda68c4fc364"
published-version = "1"
